github.com/google/go-cmp v0.6.0 h1:ofyhxvXcZhMsU5ulbFiLKl/XBFqE1GSq7atu8tAmTRI=
github.com/google/go-cmp v0.6.0/go.mod h1:17dUlkBOakJ0+DkrSSNjCkIjxS6bF9zb3elmeNGIjoY=
github.com/shogo82148/pointer v1.3.0 h1:LW5V2jUAjFNjS8e7k/PgFoh3EavOSB/vvN85aGue5+I=
github.com/shogo82148/pointer v1.3.0/go.mod h1:agZ5JFpavFPXznbWonIvbG78NDfvDTFppe+7o53up5w=
